// !$*UTF8*$!
{
	archiveVersion = 1;
	classes = {
	};
	objectVersion = 46;
	objects = {

/* Begin PBXBuildFile section */
		901A6AC71FDBC091006FFDC9 /* AppDelegate.swift in Sources */ = {isa = PBXBuildFile; fileRef = 901A6AC61FDBC091006FFDC9 /* AppDelegate.swift */; };
		901A6AC91FDBC091006FFDC9 /* ViewController.swift in Sources */ = {isa = PBXBuildFile; fileRef = 901A6AC81FDBC091006FFDC9 /* ViewController.swift */; };
		901A6ACB1FDBC092006FFDC9 /* Assets.xcassets in Resources */ = {isa = PBXBuildFile; fileRef = 901A6ACA1FDBC091006FFDC9 /* Assets.xcassets */; };
		901A6ACE1FDBC092006FFDC9 /* Main.storyboard in Resources */ = {isa = PBXBuildFile; fileRef = 901A6ACC1FDBC092006FFDC9 /* Main.storyboard */; };
		901A6AD91FDBC092006FFDC9 /* MyFirstProgramTests.swift in Sources */ = {isa = PBXBuildFile; fileRef = 901A6AD81FDBC092006FFDC9 /* MyFirstProgramTests.swift */; };
		901A6AE41FDBC092006FFDC9 /* MyFirstProgramUITests.swift in Sources */ = {isa = PBXBuildFile; fileRef = 901A6AE31FDBC092006FFDC9 /* MyFirstProgramUITests.swift */; };
		901A6AF41FDBE601006FFDC9 /* secondController.swift in Sources */ = {isa = PBXBuildFile; fileRef = 901A6AF31FDBE601006FFDC9 /* secondController.swift */; };
/* End PBXBuildFile section */

/* Begin PBXContainerItemProxy section */
		901A6AD51FDBC092006FFDC9 /* PBXContainerItemProxy */ = {
			isa = PBXContainerItemProxy;
			containerPortal = 901A6ABB1FDBC091006FFDC9 /* Project object */;
			proxyType = 1;
			remoteGlobalIDString = 901A6AC21FDBC091006FFDC9;
			remoteInfo = MyFirstProgram;
		};
		901A6AE01FDBC092006FFDC9 /* PBXContainerItemProxy */ = {
			isa = PBXContainerItemProxy;
			containerPortal = 901A6ABB1FDBC091006FFDC9 /* Project object */;
			proxyType = 1;
			remoteGlobalIDString = 901A6AC21FDBC091006FFDC9;
			remoteInfo = MyFirstProgram;
		};
/* End PBXContainerItemProxy section */

/* Begin PBXFileReference section */
		901A6AC31FDBC091006FFDC9 /* MyFirstProgram.app */ = {isa = PBXFileReference; explicitFileType = wrapper.application; includeInIndex = 0; path = MyFirstProgram.app; sourceTree = BUILT_PRODUCTS_DIR; };
		901A6AC61FDBC091006FFDC9 /* AppDelegate.swift */ = {isa = PBXFileReference; lastKnownFileType = sourcecode.swift; path = AppDelegate.swift; sourceTree = "<group>"; };
		901A6AC81FDBC091006FFDC9 /* ViewController.swift */ = {isa = PBXFileReference; lastKnownFileType = sourcecode.swift; path = ViewController.swift; sourceTree = "<group>"; };
		901A6ACA1FDBC091006FFDC9 /* Assets.xcassets */ = {isa = PBXFileReference; lastKnownFileType = folder.assetcatalog; path = Assets.xcassets; sourceTree = "<group>"; };
		901A6ACD1FDBC092006FFDC9 /* Base */ = {isa = PBXFileReference; lastKnownFileType = file.storyboard; name = Base; path = Base.lproj/Main.storyboard; sourceTree = "<group>"; };
		901A6ACF1FDBC092006FFDC9 /* Info.plist */ = {isa = PBXFileReference; lastKnownFileType = text.plist.xml; path = Info.plist; sourceTree = "<group>"; };
		901A6AD41FDBC092006FFDC9 /* MyFirstProgramTests.xctest */ = {isa = PBXFileReference; explicitFileType = wrapper.cfbundle; includeInIndex = 0; path = MyFirstProgramTests.xctest; sourceTree = BUILT_PRODUCTS_DIR; };
		901A6AD81FDBC092006FFDC9 /* MyFirstProgramTests.swift */ = {isa = PBXFileReference; lastKnownFileType = sourcecode.swift; path = MyFirstProgramTests.swift; sourceTree = "<group>"; };
		901A6ADA1FDBC092006FFDC9 /* Info.plist */ = {isa = PBXFileReference; lastKnownFileType = text.plist.xml; path = Info.plist; sourceTree = "<group>"; };
		901A6ADF1FDBC092006FFDC9 /* MyFirstProgramUITests.xctest */ = {isa = PBXFileReference; explicitFileType = wrapper.cfbundle; includeInIndex = 0; path = MyFirstProgramUITests.xctest; sourceTree = BUILT_PRODUCTS_DIR; };
		901A6AE31FDBC092006FFDC9 /* MyFirstProgramUITests.swift */ = {isa = PBXFileReference; lastKnownFileType = sourcecode.swift; path = MyFirstProgramUITests.swift; sourceTree = "<group>"; };
		901A6AE51FDBC092006FFDC9 /* Info.plist */ = {isa = PBXFileReference; lastKnownFileType = text.plist.xml; path = Info.plist; sourceTree = "<group>"; };
		901A6AF31FDBE601006FFDC9 /* secondController.swift */ = {isa = PBXFileReference; fileEncoding = 4; lastKnownFileType = sourcecode.swift; path = secondController.swift; sourceTree = "<group>"; };
/* End PBXFileReference section */

/* Begin PBXFrameworksBuildPhase section */
		901A6AC01FDBC091006FFDC9 /* Frameworks */ = {
			isa = PBXFrameworksBuildPhase;
			buildActionMask = 2147483647;
			files = (
			);
			runOnlyForDeploymentPostprocessing = 0;
		};
		901A6AD11FDBC092006FFDC9 /* Frameworks */ = {
			isa = PBXFrameworksBuildPhase;
			buildActionMask = 2147483647;
			files = (
			);
			runOnlyForDeploymentPostprocessing = 0;
		};
		901A6ADC1FDBC092006FFDC9 /* Frameworks */ = {
			isa = PBXFrameworksBuildPhase;
			buildActionMask = 2147483647;
			files = (
			);
			runOnlyForDeploymentPostprocessing = 0;
		};
/* End PBXFrameworksBuildPhase section */

/* Begin PBXGroup section */
		901A6ABA1FDBC091006FFDC9 = {
			isa = PBXGroup;
			children = (
				901A6AC51FDBC091006FFDC9 /* MyFirstProgram */,
				901A6AD71FDBC092006FFDC9 /* MyFirstProgramTests */,
				901A6AE21FDBC092006FFDC9 /* MyFirstProgramUITests */,
				901A6AC41FDBC091006FFDC9 /* Products */,
			);
			sourceTree = "<group>";
		};
		901A6AC41FDBC091006FFDC9 /* Products */ = {
			isa = PBXGroup;
			children = (
				901A6AC31FDBC091006FFDC9 /* MyFirstProgram.app */,
				901A6AD41FDBC092006FFDC9 /* MyFirstProgramTests.xctest */,
				901A6ADF1FDBC092006FFDC9 /* MyFirstProgramUITests.xctest */,
			);
			name = Products;
			sourceTree = "<group>";
		};
		901A6AC51FDBC091006FFDC9 /* MyFirstProgram */ = {
			isa = PBXGroup;
			children = (
				901A6AC61FDBC091006FFDC9 /* AppDelegate.swift */,
				901A6AC81FDBC091006FFDC9 /* ViewController.swift */,
				901A6ACA1FDBC091006FFDC9 /* Assets.xcassets */,
				901A6ACC1FDBC092006FFDC9 /* Main.storyboard */,
				901A6AF31FDBE601006FFDC9 /* secondController.swift */,
				901A6ACF1FDBC092006FFDC9 /* Info.plist */,
			);
			path = MyFirstProgram;
			sourceTree = "<group>";
		};
		901A6AD71FDBC092006FFDC9 /* MyFirstProgramTests */ = {
			isa = PBXGroup;
			children = (
				901A6AD81FDBC092006FFDC9 /* MyFirstProgramTests.swift */,
				901A6ADA1FDBC092006FFDC9 /* Info.plist */,
			);
			path = MyFirstProgramTests;
			sourceTree = "<group>";
		};
		901A6AE21FDBC092006FFDC9 /* MyFirstProgramUITests */ = {
			isa = PBXGroup;
			children = (
				901A6AE31FDBC092006FFDC9 /* MyFirstProgramUITests.swift */,
				901A6AE51FDBC092006FFDC9 /* Info.plist */,
			);
			path = MyFirstProgramUITests;
			sourceTree = "<group>";
		};
/* End PBXGroup section */

/* Begin PBXNativeTarget section */
		901A6AC21FDBC091006FFDC9 /* MyFirstProgram */ = {
			isa = PBXNativeTarget;
			buildConfigurationList = 901A6AE81FDBC092006FFDC9 /* Build configuration list for PBXNativeTarget "MyFirstProgram" */;
			buildPhases = (
				901A6ABF1FDBC091006FFDC9 /* Sources */,
				901A6AC01FDBC091006FFDC9 /* Frameworks */,
				901A6AC11FDBC091006FFDC9 /* Resources */,
			);
			buildRules = (
			);
			dependencies = (
			);
			name = MyFirstProgram;
			productName = MyFirstProgram;
			productReference = 901A6AC31FDBC091006FFDC9 /* MyFirstProgram.app */;
			productType = "com.apple.product-type.application";
		};
		901A6AD31FDBC092006FFDC9 /* MyFirstProgramTests */ = {
			isa = PBXNativeTarget;
			buildConfigurationList = 901A6AEB1FDBC092006FFDC9 /* Build configuration list for PBXNativeTarget "MyFirstProgramTests" */;
			buildPhases = (
				901A6AD01FDBC092006FFDC9 /* Sources */,
				901A6AD11FDBC092006FFDC9 /* Frameworks */,
				901A6AD21FDBC092006FFDC9 /* Resources */,
			);
			buildRules = (
			);
			dependencies = (
				901A6AD61FDBC092006FFDC9 /* PBXTargetDependency */,
			);
			name = MyFirstProgramTests;
			productName = MyFirstProgramTests;
			productReference = 901A6AD41FDBC092006FFDC9 /* MyFirstProgramTests.xctest */;
			productType = "com.apple.product-type.bundle.unit-test";
		};
		901A6ADE1FDBC092006FFDC9 /* MyFirstProgramUITests */ = {
			isa = PBXNativeTarget;
			buildConfigurationList = 901A6AEE1FDBC092006FFDC9 /* Build configuration list for PBXNativeTarget "MyFirstProgramUITests" */;
			buildPhases = (
				901A6ADB1FDBC092006FFDC9 /* Sources */,
				901A6ADC1FDBC092006FFDC9 /* Frameworks */,
				901A6ADD1FDBC092006FFDC9 /* Resources */,
			);
			buildRules = (
			);
			dependencies = (
				901A6AE11FDBC092006FFDC9 /* PBXTargetDependency */,
			);
			name = MyFirstProgramUITests;
			productName = MyFirstProgramUITests;
			productReference = 901A6ADF1FDBC092006FFDC9 /* MyFirstProgramUITests.xctest */;
			productType = "com.apple.product-type.bundle.ui-testing";
		};
/* End PBXNativeTarget section */

/* Begin PBXProject section */
		901A6ABB1FDBC091006FFDC9 /* Project object */ = {
			isa = PBXProject;
			attributes = {
				LastSwiftUpdateCheck = 0810;
				LastUpgradeCheck = 0810;
				ORGANIZATIONNAME = leozhou;
				TargetAttributes = {
					901A6AC21FDBC091006FFDC9 = {
						CreatedOnToolsVersion = 8.1;
						ProvisioningStyle = Automatic;
					};
					901A6AD31FDBC092006FFDC9 = {
						CreatedOnToolsVersion = 8.1;
						ProvisioningStyle = Automatic;
						TestTargetID = 901A6AC21FDBC091006FFDC9;
					};
					901A6ADE1FDBC092006FFDC9 = {
						CreatedOnToolsVersion = 8.1;
						ProvisioningStyle = Automatic;
						TestTargetID = 901A6AC21FDBC091006FFDC9;
					};
				};
			};
			buildConfigurationList = 901A6ABE1FDBC091006FFDC9 /* Build configuration list for PBXProject "MyFirstProgram" */;
			compatibilityVersion = "Xcode 3.2";
			developmentRegion = English;
			hasScannedForEncodings = 0;
			knownRegions = (
				en,
				Base,
			);
			mainGroup = 901A6ABA1FDBC091006FFDC9;
			productRefGroup = 901A6AC41FDBC091006FFDC9 /* Products */;
			projectDirPath = "";
			projectRoot = "";
			targets = (
				901A6AC21FDBC091006FFDC9 /* MyFirstProgram */,
				901A6AD31FDBC092006FFDC9 /* MyFirstProgramTests */,
				901A6ADE1FDBC092006FFDC9 /* MyFirstProgramUITests */,
			);
		};
/* End PBXProject section */

/* Begin PBXResourcesBuildPhase section */
		901A6AC11FDBC091006FFDC9 /* Resources */ = {
			isa = PBXResourcesBuildPhase;
			buildActionMask = 2147483647;
			files = (
				901A6ACB1FDBC092006FFDC9 /* Assets.xcassets in Resources */,
				901A6ACE1FDBC092006FFDC9 /* Main.storyboard in Resources */,
			);
			runOnlyForDeploymentPostprocessing = 0;
		};
		901A6AD21FDBC092006FFDC9 /* Resources */ = {
			isa = PBXResourcesBuildPhase;
			buildActionMask = 2147483647;
			files = (
			);
			runOnlyForDeploymentPostprocessing = 0;
		};
		901A6ADD1FDBC092006FFDC9 /* Resources */ = {
			isa = PBXResourcesBuildPhase;
			buildActionMask = 2147483647;
			files = (
			);
			runOnlyForDeploymentPostprocessing = 0;
		};
/* End PBXResourcesBuildPhase section */

/* Begin PBXSourcesBuildPhase section */
		901A6ABF1FDBC091006FFDC9 /* Sources */ = {
			isa = PBXSourcesBuildPhase;
			buildActionMask = 2147483647;
			files = (
				901A6AF41FDBE601006FFDC9 /* secondController.swift in Sources */,
				901A6AC91FDBC091006FFDC9 /* ViewController.swift in Sources */,
				901A6AC71FDBC091006FFDC9 /* AppDelegate.swift in Sources */,
			);
			runOnlyForDeploymentPostprocessing = 0;
		};
		901A6AD01FDBC092006FFDC9 /* Sources */ = {
			isa = PBXSourcesBuildPhase;
			buildActionMask = 2147483647;
			files = (
				901A6AD91FDBC092006FFDC9 /* MyFirstProgramTests.swift in Sources */,
			);
			runOnlyForDeploymentPostprocessing = 0;
		};
		901A6ADB1FDBC092006FFDC9 /* Sources */ = {
			isa = PBXSourcesBuildPhase;
			buildActionMask = 2147483647;
			files = (
				901A6AE41FDBC092006FFDC9 /* MyFirstProgramUITests.swift in Sources */,
			);
			runOnlyForDeploymentPostprocessing = 0;
		};
/* End PBXSourcesBuildPhase section */

/* Begin PBXTargetDependency section */
		901A6AD61FDBC092006FFDC9 /* PBXTargetDependency */ = {
			isa = PBXTargetDependency;
			target = 901A6AC21FDBC091006FFDC9 /* MyFirstProgram */;
			targetProxy = 901A6AD51FDBC092006FFDC9 /* PBXContainerItemProxy */;
		};
		901A6AE11FDBC092006FFDC9 /* PBXTargetDependency */ = {
			isa = PBXTargetDependency;
			target = 901A6AC21FDBC091006FFDC9 /* MyFirstProgram */;
			targetProxy = 901A6AE01FDBC092006FFDC9 /* PBXContainerItemProxy */;
		};
/* End PBXTargetDependency section */

/* Begin PBXVariantGroup section */
		901A6ACC1FDBC092006FFDC9 /* Main.storyboard */ = {
			isa = PBXVariantGroup;
			children = (
				901A6ACD1FDBC092006FFDC9 /* Base */,
			);
			name = Main.storyboard;
			sourceTree = "<group>";
		};
/* End PBXVariantGroup section */

/* Begin XCBuildConfiguration section */
		901A6AE61FDBC092006FFDC9 /* Debug */ = {
			isa = XCBuildConfiguration;
			buildSettings = {
				ALWAYS_SEARCH_USER_PATHS = NO;
				CLANG_ANALYZER_NONNULL = YES;
				CLANG_CXX_LANGUAGE_STANDARD = "gnu++0x";
				CLANG_CXX_LIBRARY = "libc++";
				CLANG_ENABLE_MODULES = YES;
				CLANG_ENABLE_OBJC_ARC = YES;
				CLANG_WARN_BOOL_CONVERSION = YES;
				CLANG_WARN_CONSTANT_CONVERSION = YES;
				CLANG_WARN_DIRECT_OBJC_ISA_USAGE = YES_ERROR;
				CLANG_WARN_DOCUMENTATION_COMMENTS = YES;
				CLANG_WARN_EMPTY_BODY = YES;
				CLANG_WARN_ENUM_CONVERSION = YES;
				CLANG_WARN_INFINITE_RECURSION = YES;
				CLANG_WARN_INT_CONVERSION = YES;
				CLANG_WARN_OBJC_ROOT_CLASS = YES_ERROR;
				CLANG_WARN_SUSPICIOUS_MOVES = YES;
				CLANG_WARN_UNREACHABLE_CODE = YES;
				CLANG_WARN__DUPLICATE_METHOD_MATCH = YES;
				CODE_SIGN_IDENTITY = "-";
				COPY_PHASE_STRIP = NO;
				DEBUG_INFORMATION_FORMAT = dwarf;
				ENABLE_STRICT_OBJC_MSGSEND = YES;
				ENABLE_TESTABILITY = YES;
				GCC_C_LANGUAGE_STANDARD = gnu99;
				GCC_DYNAMIC_NO_PIC = NO;
				GCC_NO_COMMON_BLOCKS = YES;
				GCC_OPTIMIZATION_LEVEL = 0;
				GCC_PREPROCESSOR_DEFINITIONS = (
					"DEBUG=1",
					"$(inherited)",
				);
				GCC_WARN_64_TO_32_BIT_CONVERSION = YES;
				GCC_WARN_ABOUT_RETURN_TYPE = YES_ERROR;
				GCC_WARN_UNDECLARED_SELECTOR = YES;
				GCC_WARN_UNINITIALIZED_AUTOS = YES_AGGRESSIVE;
				GCC_WARN_UNUSED_FUNCTION = YES;
				GCC_WARN_UNUSED_VARIABLE = YES;
				MACOSX_DEPLOYMENT_TARGET = 10.12;
				MTL_ENABLE_DEBUG_INFO = YES;
				ONLY_ACTIVE_ARCH = YES;
				SDKROOT = macosx;
				SWIFT_ACTIVE_COMPILATION_CONDITIONS = DEBUG;
				SWIFT_OPTIMIZATION_LEVEL = "-Onone";
			};
			name = Debug;
		};
		901A6AE71FDBC092006FFDC9 /* Release */ = {
			isa = XCBuildConfiguration;
			buildSettings = {
				ALWAYS_SEARCH_USER_PATHS = NO;
				CLANG_ANALYZER_NONNULL = YES;
				CLANG_CXX_LANGUAGE_STANDARD = "gnu++0x";
				CLANG_CXX_LIBRARY = "libc++";
				CLANG_ENABLE_MODULES = YES;
				CLANG_ENABLE_OBJC_ARC = YES;
				CLANG_WARN_BOOL_CONVERSION = YES;
				CLANG_WARN_CONSTANT_CONVERSION = YES;
				CLANG_WARN_DIRECT_OBJC_ISA_USAGE = YES_ERROR;
				CLANG_WARN_DOCUMENTATION_COMMENTS = YES;
				CLANG_WARN_EMPTY_BODY = YES;
				CLANG_WARN_ENUM_CONVERSION = YES;
				CLANG_WARN_INFINITE_RECURSION = YES;
				CLANG_WARN_INT_CONVERSION = YES;
				CLANG_WARN_OBJC_ROOT_CLASS = YES_ERROR;
				CLANG_WARN_SUSPICIOUS_MOVES = YES;
				CLANG_WARN_UNREACHABLE_CODE = YES;
				CLANG_WARN__DUPLICATE_METHOD_MATCH = YES;
				CODE_SIGN_IDENTITY = "-";
				COPY_PHASE_STRIP = NO;
				DEBUG_INFORMATION_FORMAT = "dwarf-with-dsym";
				ENABLE_NS_ASSERTIONS = NO;
				ENABLE_STRICT_OBJC_MSGSEND = YES;
				GCC_C_LANGUAGE_STANDARD = gnu99;
				GCC_NO_COMMON_BLOCKS = YES;
				GCC_WARN_64_TO_32_BIT_CONVERSION = YES;
				GCC_WARN_ABOUT_RETURN_TYPE = YES_ERROR;
				GCC_WARN_UNDECLARED_SELECTOR = YES;
				GCC_WARN_UNINITIALIZED_AUTOS = YES_AGGRESSIVE;
				GCC_WARN_UNUSED_FUNCTION = YES;
				GCC_WARN_UNUSED_VARIABLE = YES;
				MACOSX_DEPLOYMENT_TARGET = 10.12;
				MTL_ENABLE_DEBUG_INFO = NO;
				SDKROOT = macosx;
				SWIFT_OPTIMIZATION_LEVEL = "-Owholemodule";
			};
			name = Release;
		};
		901A6AE91FDBC092006FFDC9 /* Debug */ = {
			isa = XCBuildConfiguration;
			buildSettings = {
				ASSETCATALOG_COMPILER_APPICON_NAME = AppIcon;
				COMBINE_HIDPI_IMAGES = YES;
				INFOPLIST_FILE = MyFirstProgram/Info.plist;
				LD_RUNPATH_SEARCH_PATHS = "$(inherited) @executable_path/../Frameworks";
				PRODUCT_BUNDLE_IDENTIFIER = com.leozhou.MyFirstProgram;
				PRODUCT_NAME = "$(TARGET_NAME)";
				SWIFT_VERSION = 3.0;
			};
			name = Debug;
		};
		901A6AEA1FDBC092006FFDC9 /* Release */ = {
			isa = XCBuildConfiguration;
			buildSettings = {
				ASSETCATALOG_COMPILER_APPICON_NAME = AppIcon;
				COMBINE_HIDPI_IMAGES = YES;
				INFOPLIST_FILE = MyFirstProgram/Info.plist;
				LD_RUNPATH_SEARCH_PATHS = "$(inherited) @executable_path/../Frameworks";
				PRODUCT_BUNDLE_IDENTIFIER = com.leozhou.MyFirstProgram;
				PRODUCT_NAME = "$(TARGET_NAME)";
				SWIFT_VERSION = 3.0;
			};
			name = Release;
		};
		901A6AEC1FDBC092006FFDC9 /* Debug */ = {
			isa = XCBuildConfiguration;
			buildSettings = {
				ALWAYS_EMBED_SWIFT_STANDARD_LIBRARIES = YES;
				BUNDLE_LOADER = "$(TEST_HOST)";
				COMBINE_HIDPI_IMAGES = YES;
				INFOPLIST_FILE = MyFirstProgramTests/Info.plist;
				LD_RUNPATH_SEARCH_PATHS = "$(inherited) @executable_path/../Frameworks @loader_path/../Frameworks";
				PRODUCT_BUNDLE_IDENTIFIER = com.leozhou.MyFirstProgramTests;
				PRODUCT_NAME = "$(TARGET_NAME)";
				SWIFT_VERSION = 3.0;
				TEST_HOST = "$(BUILT_PRODUCTS_DIR)/MyFirstProgram.app/Contents/MacOS/MyFirstProgram";
			};
			name = Debug;
		};
		901A6AED1FDBC092006FFDC9 /* Release */ = {
			isa = XCBuildConfiguration;
			buildSettings = {
				ALWAYS_EMBED_SWIFT_STANDARD_LIBRARIES = YES;
				BUNDLE_LOADER = "$(TEST_HOST)";
				COMBINE_HIDPI_IMAGES = YES;
				INFOPLIST_FILE = MyFirstProgramTests/Info.plist;
				LD_RUNPATH_SEARCH_PATHS = "$(inherited) @executable_path/../Frameworks @loader_path/../Frameworks";
				PRODUCT_BUNDLE_IDENTIFIER = com.leozhou.MyFirstProgramTests;
				PRODUCT_NAME = "$(TARGET_NAME)";
				SWIFT_VERSION = 3.0;
				TEST_HOST = "$(BUILT_PRODUCTS_DIR)/MyFirstProgram.app/Contents/MacOS/MyFirstProgram";
			};
			name = Release;
		};
		901A6AEF1FDBC092006FFDC9 /* Debug */ = {
			isa = XCBuildConfiguration;
			buildSettings = {
				ALWAYS_EMBED_SWIFT_STANDARD_LIBRARIES = YES;
				COMBINE_HIDPI_IMAGES = YES;
				INFOPLIST_FILE = MyFirstProgramUITests/Info.plist;
				LD_RUNPATH_SEARCH_PATHS = "$(inherited) @executable_path/../Frameworks @loader_path/../Frameworks";
				PRODUCT_BUNDLE_IDENTIFIER = com.leozhou.MyFirstProgramUITests;
				PRODUCT_NAME = "$(TARGET_NAME)";
				SWIFT_VERSION = 3.0;
				TEST_TARGET_NAME = MyFirstProgram;
			};
			name = Debug;
		};
		901A6AF01FDBC092006FFDC9 /* Release */ = {
			isa = XCBuildConfiguration;
			buildSettings = {
				ALWAYS_EMBED_SWIFT_STANDARD_LIBRARIES = YES;
				COMBINE_HIDPI_IMAGES = YES;
				INFOPLIST_FILE = MyFirstProgramUITests/Info.plist;
				LD_RUNPATH_SEARCH_PATHS = "$(inherited) @executable_path/../Frameworks @loader_path/../Frameworks";
				PRODUCT_BUNDLE_IDENTIFIER = com.leozhou.MyFirstProgramUITests;
				PRODUCT_NAME = "$(TARGET_NAME)";
				SWIFT_VERSION = 3.0;
				TEST_TARGET_NAME = MyFirstProgram;
			};
			name = Release;
		};
/* End XCBuildConfiguration section */

/* Begin XCConfigurationList section */
		901A6ABE1FDBC091006FFDC9 /* Build configuration list for PBXProject "MyFirstProgram" */ = {
			isa = XCConfigurationList;
			buildConfigurations = (
				901A6AE61FDBC092006FFDC9 /* Debug */,
				901A6AE71FDBC092006FFDC9 /* Release */,
			);
			defaultConfigurationIsVisible = 0;
			defaultConfigurationName = Release;
		};
		901A6AE81FDBC092006FFDC9 /* Build configuration list for PBXNativeTarget "MyFirstProgram" */ = {
			isa = XCConfigurationList;
			buildConfigurations = (
				901A6AE91FDBC092006FFDC9 /* Debug */,
				901A6AEA1FDBC092006FFDC9 /* Release */,
			);
			defaultConfigurationIsVisible = 0;
			defaultConfigurationName = Release;
		};
		901A6AEB1FDBC092006FFDC9 /* Build configuration list for PBXNativeTarget "MyFirstProgramTests" */ = {
			isa = XCConfigurationList;
			buildConfigurations = (
				901A6AEC1FDBC092006FFDC9 /* Debug */,
				901A6AED1FDBC092006FFDC9 /* Release */,
			);
			defaultConfigurationIsVisible = 0;
			defaultConfigurationName = Release;
		};
		901A6AEE1FDBC092006FFDC9 /* Build configuration list for PBXNativeTarget "MyFirstProgramUITests" */ = {
			isa = XCConfigurationList;
			buildConfigurations = (
				901A6AEF1FDBC092006FFDC9 /* Debug */,
				901A6AF01FDBC092006FFDC9 /* Release */,
			);
			defaultConfigurationIsVisible = 0;
			defaultConfigurationName = Release;
		};
/* End XCConfigurationList section */
	};
	rootObject = 901A6ABB1FDBC091006FFDC9 /* Project object */;
}
